
Microsoft Visual Studio Solution File, Format Version 12.00
# Visual Studio Version 17
VisualStudioVersion = 17.5.33516.290
MinimumVisualStudioVersion = 10.0.40219.1
Project("{FAE04EC0-301F-11D3-BF4B-00C04F79EFBC}") = "Educator.Api", "Educator.Api\Educator.Api.csproj", "{DE36A9B0-2E3E-419B-B0E1-9F79300AC17F}"
EndProject
Project("{FAE04EC0-301F-11D3-BF4B-00C04F79EFBC}") = "Educator", "Educator\Educator.csproj", "{7C0A646D-58E2-4542-BBD5-BD7575D3358A}"
EndProject
Global
	GlobalSection(SolutionConfigurationPlatforms) = preSolution
		Debug|Any CPU = Debug|Any CPU
		Release|Any CPU = Release|Any CPU
	EndGlobalSection
	GlobalSection(ProjectConfigurationPlatforms) = postSolution
		{DE36A9B0-2E3E-419B-B0E1-9F79300AC17F}.Debug|Any CPU.ActiveCfg = Debug|Any CPU
		{DE36A9B0-2E3E-419B-B0E1-9F79300AC17F}.Debug|Any CPU.Build.0 = Debug|Any CPU
		{DE36A9B0-2E3E-419B-B0E1-9F79300AC17F}.Release|Any CPU.ActiveCfg = Release|Any CPU
		{DE36A9B0-2E3E-419B-B0E1-9F79300AC17F}.Release|Any CPU.Build.0 = Release|Any CPU
		{7C0A646D-58E2-4542-BBD5-BD7575D3358A}.Debug|Any CPU.ActiveCfg = Debug|Any CPU
		{7C0A646D-58E2-4542-BBD5-BD7575D3358A}.Debug|Any CPU.Build.0 = Debug|Any CPU
		{7C0A646D-58E2-4542-BBD5-BD7575D3358A}.Release|Any CPU.ActiveCfg = Release|Any CPU
		{7C0A646D-58E2-4542-BBD5-BD7575D3358A}.Release|Any CPU.Build.0 = Release|Any CPU
	EndGlobalSection
	GlobalSection(SolutionProperties) = preSolution
		HideSolutionNode = FALSE
	EndGlobalSection
	GlobalSection(ExtensibilityGlobals) = postSolution
		SolutionGuid = {8110D308-F29A-4707-8FFB-6A2721A2950B}
	EndGlobalSection
EndGlobal
